
Microsoft Visual Studio Solution File, Format Version 12.00
# Visual Studio 15
VisualStudioVersion = 15.0.28307.1972
MinimumVisualStudioVersion = 10.0.40219.1
Project("{FAE04EC0-301F-11D3-BF4B-00C04F79EFBC}") = "MyWebApp", "MyWebApp\MyWebApp.csproj", "{C60BC465-EF80-48A5-8DD2-B65FC99C7D68}"
EndProject
Global
	GlobalSection(SolutionConfigurationPlatforms) = preSolution
		Debug|Any CPU = Debug|Any CPU
		Release|Any CPU = Release|Any CPU
	EndGlobalSection
	GlobalSection(ProjectConfigurationPlatforms) = postSolution
		{C60BC465-EF80-48A5-8DD2-B65FC99C7D68}.Debug|Any CPU.ActiveCfg = Debug|Any CPU
		{C60BC465-EF80-48A5-8DD2-B65FC99C7D68}.Debug|Any CPU.Build.0 = Debug|Any CPU
		{C60BC465-EF80-48A5-8DD2-B65FC99C7D68}.Release|Any CPU.ActiveCfg = Release|Any CPU
		{C60BC465-EF80-48A5-8DD2-B65FC99C7D68}.Release|Any CPU.Build.0 = Release|Any CPU
	EndGlobalSection
	GlobalSection(SolutionProperties) = preSolution
		HideSolutionNode = FALSE
	EndGlobalSection
	GlobalSection(ExtensibilityGlobals) = postSolution
		SolutionGuid = {6921B0E4-3FAD-47E6-858D-73DF8849EB35}
	EndGlobalSection
EndGlobal
